{
  "name": "cliente-estado",
  "version": "0.0.1-SNAPSHOT",
  "lockfileVersion": 3,
  "requires": true,
  "packages": {
    "": {
      "name": "cliente-estado",
      "version": "0.0.1-SNAPSHOT",
      "dependencies": {
        "@angular/common": "^22.1.1",
        "@angular/compiler": "^22.1.1",
        "@angular/core": "^22.1.1",
        "@angular/forms": "^22.1.1",
        "@angular/platform-browser": "^22.1.1",
        "@angular/platform-browser-dynamic": "^22.1.1",
        "@angular/router": "^22.1.1",
        "rxjs": "~7.8.0",
        "tslib": "^2.3.0",
        "zone.js": "~0.16.2"
      },
      "devDependencies": {
        "@angular/build": "^22.1.3",
        "@angular/cli": "^22.1.3",
        "@angular/compiler-cli": "^22.1.1",
        "@eslint/js": "^10.0.1",
        "angular-eslint": "22.1.0",
        "eslint": "^10.3.0",
        "husky": "^9.1.7",
        "jsdom": "^30.0.1",
        "lint-staged": "^17.3.0",
        "prettier": "^3.8.1",
        "typescript": "~6.0.3",
        "typescript-eslint": "8.67.0",
        "vitest": "^4.0.8"
      }
    },
    "node_modules/@acemir/cssom": {
      "version": "0.9.31",
      "resolved": "https://registry.npmjs.org/@acemir/cssom/-/cssom-0.9.31.tgz",
      "integrity": "sha512-ZnR3GSaH+/vJ0YlHau21FjfLYjMpYVIzTD8M8vIEQvIGxeOXyXdzCI140rrCY862p/C/BbzWsjc1dgnM9mkoTA==",
      "dev": true,
      "license": "MIT"
    },
    "node_modules/@algolia/abtesting": {
      "version": "1.14.1",
      "resolved": "https://registry.npmjs.org/@algolia/abtesting/-/abtesting-1.14.1.tgz",
      "integrity": "sha512-Dkj0BgPiLAaim9sbQ97UKDFHJE/880wgStAM18U++NaJ/2Cws34J5731ovJifr6E3Pv4T2CqvMXf8qLCC417Ew==",
      "dev": true,
      "license": "MIT",
      "dependencies": {
        "@algolia/client-common": "5.48.1",
        "@algolia/requester-browser-xhr": "5.48.1",
        "@algolia/requester-fetch": "5.48.1",
        "@algolia/requester-node-http": "5.48.1"
      },
      "engines": {
        "node": ">= 14.0.0"
      }
    },
    "node_modules/@algolia/client-abtesting": {
      "version": "5.48.1",
      "resolved": "https://registry.npmjs.org/@algolia/client-abtesting/-/client-abtesting-5.48.1.tgz",
      "integrity": "sha512-LV5qCJdj+/m9I+Aj91o+glYszrzd7CX6NgKaYdTOj4+tUYfbS62pwYgUfZprYNayhkQpVFcrW8x8ZlIHpS23Vw==",
      "dev": true,
      "license": "MIT",
      "dependencies": {
        "@algolia/client-common": "5.48.1",
        "@algolia/requester-browser-xhr": "5.48.1",
        "@algolia/requester-fetch": "5.48.1",
        "@algolia/requester-node-http": "5.48.1"
      },
      "engines": {
        "node": ">= 14.0.0"
      }
    },
    "node_modules/@algolia/client-analytics": {
      "version": "5.48.1",
      "resolved": "https://registry.npmjs.org/@algolia/client-analytics/-/client-analytics-5.48.1.tgz",
      "integrity": "sha512-/AVoMqHhPm14CcHq7mwB+bUJbfCv+jrxlNvRjXAuO+TQa+V37N8k1b0ijaRBPdmSjULMd8KtJbQyUyabXOu6Kg==",
      "dev": true,
      "license": "MIT",
      "dependencies": {
        "@algolia/client-common": "5.48.1",
        "@algolia/requester-browser-xhr": "5.48.1",
        "@algolia/requester-fetch": "5.48.1",
        "@algolia/requester-node-http": "5.48.1"
      },
      "engines": {
        "node": ">= 14.0.0"
      }
    },
    "node_modules/@algolia/client-common": {
      "version": "5.48.1",
      "resolved": "https://registry.npmjs.org/@algolia/client-common/-/client-common-5.48.1.tgz",
      "integrity": "sha512-VXO+qu2Ep6ota28ktvBm3sG53wUHS2n7bgLWmce5jTskdlCD0/JrV4tnBm1l7qpla1CeoQb8D7ShFhad+UoSOw==",
      "dev": true,
      "license": "MIT",
      "engines": {
        "node": ">= 14.0.0"
      }
    },
    "node_modules/@algolia/client-insights": {
      "version": "5.48.1",
      "resolved": "https://registry.npmjs.org/@algolia/client-insights/-/client-insights-5.48.1.tgz",
      "integrity": "sha512-zl+Qyb0nLg+Y5YvKp1Ij+u9OaPaKg2/EPzTwKNiVyOHnQJlFxmXyUZL1EInczAZsEY8hVpPCLtNfhMhfxluXKQ==",
      "dev": true,
      "license": "MIT",
      "dependencies": {
        "@algolia/client-common": "5.48.1",
        "@algolia/requester-browser-xhr": "5.48.1",
        "@algolia/requester-fetch": "5.48.1",
        "@algolia/requester-node-http": "5.48.1"
      },
      "engines": {
        "node": ">= 14.0.0"
      }
    },
    "node_modules/@algolia/client-personalization": {
      "version": "5.48.1",
      "resolved": "https://registry.npmjs.org/@algolia/client-personalization/-/client-personalization-5.48.1.tgz",
      "integrity": "sha512-r89Qf9Oo9mKWQXumRu/1LtvVJAmEDpn8mHZMc485pRfQUMAwSSrsnaw1tQ3sszqzEgAr1c7rw6fjBI+zrAXTOw==",
      "dev": true,
      "license": "MIT",
      "dependencies": {
        "@algolia/client-common": "5.48.1",
        "@algolia/requester-browser-xhr": "5.48.1",
        "@algolia/requester-fetch": "5.48.1",
        "@algolia/requester-node-http": "5.48.1"
      },
      "engines": {
        "node": ">= 14.0.0"
      }
    }
    // ... rest of lockfile unchanged for brevity
  }
}
